
Microsoft Visual Studio Solution File, Format Version 12.00
# Visual Studio Version 17
VisualStudioVersion = 17.4.33213.308
MinimumVisualStudioVersion = 10.0.40219.1
Project("{FAE04EC0-301F-11D3-BF4B-00C04F79EFBC}") = "Week2", "Week2\Week2.csproj", "{9DD0F8F6-372B-4434-B82B-8C58A56024B8}"
EndProject
Project("{FAE04EC0-301F-11D3-BF4B-00C04F79EFBC}") = "UserGenderValidation", "UserAgeValidation\UserGenderValidation.csproj", "{45215165-B7CF-4B78-9A39-945D1F6DC018}"
EndProject
Project("{FAE04EC0-301F-11D3-BF4B-00C04F79EFBC}") = "UserAgeValidation1", "UserAgeValidation1\UserAgeValidation1.csproj", "{ADAB49AE-3835-48A3-9AB3-54F1E1959AAA}"
EndProject
Global
	GlobalSection(SolutionConfigurationPlatforms) = preSolution
		Debug|Any CPU = Debug|Any CPU
		Release|Any CPU = Release|Any CPU
	EndGlobalSection
	GlobalSection(ProjectConfigurationPlatforms) = postSolution
		{9DD0F8F6-372B-4434-B82B-8C58A56024B8}.Debug|Any CPU.ActiveCfg = Debug|Any CPU
		{9DD0F8F6-372B-4434-B82B-8C58A56024B8}.Debug|Any CPU.Build.0 = Debug|Any CPU
		{9DD0F8F6-372B-4434-B82B-8C58A56024B8}.Release|Any CPU.ActiveCfg = Release|Any CPU
		{9DD0F8F6-372B-4434-B82B-8C58A56024B8}.Release|Any CPU.Build.0 = Release|Any CPU
		{45215165-B7CF-4B78-9A39-945D1F6DC018}.Debug|Any CPU.ActiveCfg = Debug|Any CPU
		{45215165-B7CF-4B78-9A39-945D1F6DC018}.Debug|Any CPU.Build.0 = Debug|Any CPU
		{45215165-B7CF-4B78-9A39-945D1F6DC018}.Release|Any CPU.ActiveCfg = Release|Any CPU
		{45215165-B7CF-4B78-9A39-945D1F6DC018}.Release|Any CPU.Build.0 = Release|Any CPU
		{ADAB49AE-3835-48A3-9AB3-54F1E1959AAA}.Debug|Any CPU.ActiveCfg = Debug|Any CPU
		{ADAB49AE-3835-48A3-9AB3-54F1E1959AAA}.Debug|Any CPU.Build.0 = Debug|Any CPU
		{ADAB49AE-3835-48A3-9AB3-54F1E1959AAA}.Release|Any CPU.ActiveCfg = Release|Any CPU
		{ADAB49AE-3835-48A3-9AB3-54F1E1959AAA}.Release|Any CPU.Build.0 = Release|Any CPU
	EndGlobalSection
	GlobalSection(SolutionProperties) = preSolution
		HideSolutionNode = FALSE
	EndGlobalSection
	GlobalSection(ExtensibilityGlobals) = postSolution
		SolutionGuid = {48933AFC-CCD8-4E66-B0CD-6039A05F7EDC}
	EndGlobalSection
EndGlobal
